// !$*UTF8*$!
{
	archiveVersion = 1;
	classes = {
	};
	objectVersion = 52;
	objects = {

/* Begin PBXBuildFile section */
		7939DBBA2710271600E90E68 /* AppDelegate.swift in Sources */ = {isa = PBXBuildFile; fileRef = 7939DBB92710271600E90E68 /* AppDelegate.swift */; };
		7939DBBC2710271600E90E68 /* SceneDelegate.swift in Sources */ = {isa = PBXBuildFile; fileRef = 7939DBBB2710271600E90E68 /* SceneDelegate.swift */; };
		7939DBBE2710271600E90E68 /* ViewController.swift in Sources */ = {isa = PBXBuildFile; fileRef = 7939DBBD2710271600E90E68 /* ViewController.swift */; };
		7939DBC12710271600E90E68 /* Main.storyboard in Resources */ = {isa = PBXBuildFile; fileRef = 7939DBBF2710271600E90E68 /* Main.storyboard */; };
		7939DBC32710271800E90E68 /* Assets.xcassets in Resources */ = {isa = PBXBuildFile; fileRef = 7939DBC22710271800E90E68 /* Assets.xcassets */; };
		7939DBC62710271800E90E68 /* LaunchScreen.storyboard in Resources */ = {isa = PBXBuildFile; fileRef = 7939DBC42710271800E90E68 /* LaunchScreen.storyboard */; };
		7939DBD427102A4B00E90E68 /* Agoraffmpeg.xcframework in Frameworks */ = {isa = PBXBuildFile; fileRef = 7939DBCF27102A4B00E90E68 /* Agoraffmpeg.xcframework */; };
		7939DBD527102A4B00E90E68 /* Agoraffmpeg.xcframework in Embed Frameworks */ = {isa = PBXBuildFile; fileRef = 7939DBCF27102A4B00E90E68 /* Agoraffmpeg.xcframework */; settings = {ATTRIBUTES = (CodeSignOnCopy, ); }; };
		7939DBD627102A4B00E90E68 /* AgoraRtcKit.xcframework in Frameworks */ = {isa = PBXBuildFile; fileRef = 7939DBD027102A4B00E90E68 /* AgoraRtcKit.xcframework */; };
		7939DBD727102A4B00E90E68 /* AgoraRtcKit.xcframework in Embed Frameworks */ = {isa = PBXBuildFile; fileRef = 7939DBD027102A4B00E90E68 /* AgoraRtcKit.xcframework */; settings = {ATTRIBUTES = (CodeSignOnCopy, ); }; };
		7939DBD827102A4B00E90E68 /* AgoraRTE.xcframework in Frameworks */ = {isa = PBXBuildFile; fileRef = 7939DBD127102A4B00E90E68 /* AgoraRTE.xcframework */; };
		7939DBD927102A4B00E90E68 /* AgoraRTE.xcframework in Embed Frameworks */ = {isa = PBXBuildFile; fileRef = 7939DBD127102A4B00E90E68 /* AgoraRTE.xcframework */; settings = {ATTRIBUTES = (CodeSignOnCopy, ); }; };
		7939DBDA27102A4B00E90E68 /* AgoraVideoProcess.xcframework in Frameworks */ = {isa = PBXBuildFile; fileRef = 7939DBD227102A4B00E90E68 /* AgoraVideoProcess.xcframework */; };
		7939DBDB27102A4B00E90E68 /* AgoraVideoProcess.xcframework in Embed Frameworks */ = {isa = PBXBuildFile; fileRef = 7939DBD227102A4B00E90E68 /* AgoraVideoProcess.xcframework */; settings = {ATTRIBUTES = (CodeSignOnCopy, ); }; };
		7939DBDC27102A4B00E90E68 /* AgoraRtcCryptoLoader.xcframework in Frameworks */ = {isa = PBXBuildFile; fileRef = 7939DBD327102A4B00E90E68 /* AgoraRtcCryptoLoader.xcframework */; };
		7939DBDD27102A4B00E90E68 /* AgoraRtcCryptoLoader.xcframework in Embed Frameworks */ = {isa = PBXBuildFile; fileRef = 7939DBD327102A4B00E90E68 /* AgoraRtcCryptoLoader.xcframework */; settings = {ATTRIBUTES = (CodeSignOnCopy, ); }; };
/* End PBXBuildFile section */

/* Begin PBXCopyFilesBuildPhase section */
		7939DBDE27102A4B00E90E68 /* Embed Frameworks */ = {
			isa = PBXCopyFilesBuildPhase;
			buildActionMask = 2147483647;
			dstPath = "";
			dstSubfolderSpec = 10;
			files = (
				7939DBDB27102A4B00E90E68 /* AgoraVideoProcess.xcframework in Embed Frameworks */,
				7939DBDD27102A4B00E90E68 /* AgoraRtcCryptoLoader.xcframework in Embed Frameworks */,
				7939DBD527102A4B00E90E68 /* Agoraffmpeg.xcframework in Embed Frameworks */,
				7939DBD927102A4B00E90E68 /* AgoraRTE.xcframework in Embed Frameworks */,
				7939DBD727102A4B00E90E68 /* AgoraRtcKit.xcframework in Embed Frameworks */,
			);
			name = "Embed Frameworks";
			runOnlyForDeploymentPostprocessing = 0;
		};
/* End PBXCopyFilesBuildPhase section */

/* Begin PBXFileReference section */
		7939DBB62710271600E90E68 /* RteQuickstart.app */ = {isa = PBXFileReference; explicitFileType = wrapper.application; includeInIndex = 0; path = RteQuickstart.app; sourceTree = BUILT_PRODUCTS_DIR; };
		7939DBB92710271600E90E68 /* AppDelegate.swift */ = {isa = PBXFileReference; lastKnownFileType = sourcecode.swift; path = AppDelegate.swift; sourceTree = "<group>"; };
		7939DBBB2710271600E90E68 /* SceneDelegate.swift */ = {isa = PBXFileReference; lastKnownFileType = sourcecode.swift; path = SceneDelegate.swift; sourceTree = "<group>"; };
		7939DBBD2710271600E90E68 /* ViewController.swift */ = {isa = PBXFileReference; lastKnownFileType = sourcecode.swift; path = ViewController.swift; sourceTree = "<group>"; };
		7939DBC02710271600E90E68 /* Base */ = {isa = PBXFileReference; lastKnownFileType = file.storyboard; name = Base; path = Base.lproj/Main.storyboard; sourceTree = "<group>"; };
		7939DBC22710271800E90E68 /* Assets.xcassets */ = {isa = PBXFileReference; lastKnownFileType = folder.assetcatalog; path = Assets.xcassets; sourceTree = "<group>"; };
		7939DBC52710271800E90E68 /* Base */ = {isa = PBXFileReference; lastKnownFileType = file.storyboard; name = Base; path = Base.lproj/LaunchScreen.storyboard; sourceTree = "<group>"; };
		7939DBC72710271800E90E68 /* Info.plist */ = {isa = PBXFileReference; lastKnownFileType = text.plist.xml; path = Info.plist; sourceTree = "<group>"; };
		7939DBCF27102A4B00E90E68 /* Agoraffmpeg.xcframework */ = {isa = PBXFileReference; lastKnownFileType = wrapper.xcframework; name = Agoraffmpeg.xcframework; path = libs/Agoraffmpeg.xcframework; sourceTree = "<group>"; };
		7939DBD027102A4B00E90E68 /* AgoraRtcKit.xcframework */ = {isa = PBXFileReference; lastKnownFileType = wrapper.xcframework; name = AgoraRtcKit.xcframework; path = libs/AgoraRtcKit.xcframework; sourceTree = "<group>"; };
		7939DBD127102A4B00E90E68 /* AgoraRTE.xcframework */ = {isa = PBXFileReference; lastKnownFileType = wrapper.xcframework; name = AgoraRTE.xcframework; path = libs/AgoraRTE.xcframework; sourceTree = "<group>"; };
		7939DBD227102A4B00E90E68 /* AgoraVideoProcess.xcframework */ = {isa = PBXFileReference; lastKnownFileType = wrapper.xcframework; name = AgoraVideoProcess.xcframework; path = libs/AgoraVideoProcess.xcframework; sourceTree = "<group>"; };
		7939DBD327102A4B00E90E68 /* AgoraRtcCryptoLoader.xcframework */ = {isa = PBXFileReference; lastKnownFileType = wrapper.xcframework; name = AgoraRtcCryptoLoader.xcframework; path = libs/AgoraRtcCryptoLoader.xcframework; sourceTree = "<group>"; };
/* End PBXFileReference section */

/* Begin PBXFrameworksBuildPhase section */
		7939DBB32710271600E90E68 /* Frameworks */ = {
			isa = PBXFrameworksBuildPhase;
			buildActionMask = 2147483647;
			files = (
				7939DBDA27102A4B00E90E68 /* AgoraVideoProcess.xcframework in Frameworks */,
				7939DBDC27102A4B00E90E68 /* AgoraRtcCryptoLoader.xcframework in Frameworks */,
				7939DBD427102A4B00E90E68 /* Agoraffmpeg.xcframework in Frameworks */,
				7939DBD827102A4B00E90E68 /* AgoraRTE.xcframework in Frameworks */,
				7939DBD627102A4B00E90E68 /* AgoraRtcKit.xcframework in Frameworks */,
			);
			runOnlyForDeploymentPostprocessing = 0;
		};
/* End PBXFrameworksBuildPhase section */

/* Begin PBXGroup section */
		7939DBAD2710271600E90E68 = {
			isa = PBXGroup;
			children = (
				7939DBB82710271600E90E68 /* RteQuickstart */,
				7939DBB72710271600E90E68 /* Products */,
				7939DBCD27102A3500E90E68 /* Frameworks */,
			);
			sourceTree = "<group>";
		};
		7939DBB72710271600E90E68 /* Products */ = {
			isa = PBXGroup;
			children = (
				7939DBB62710271600E90E68 /* RteQuickstart.app */,
			);
			name = Products;
			sourceTree = "<group>";
		};
		7939DBB82710271600E90E68 /* RteQuickstart */ = {
			isa = PBXGroup;
			children = (
				7939DBB92710271600E90E68 /* AppDelegate.swift */,
				7939DBBB2710271600E90E68 /* SceneDelegate.swift */,
				7939DBBD2710271600E90E68 /* ViewController.swift */,
				7939DBBF2710271600E90E68 /* Main.storyboard */,
				7939DBC22710271800E90E68 /* Assets.xcassets */,
				7939DBC42710271800E90E68 /* LaunchScreen.storyboard */,
				7939DBC72710271800E90E68 /* Info.plist */,
			);
			path = RteQuickstart;
			sourceTree = "<group>";
		};
		7939DBCD27102A3500E90E68 /* Frameworks */ = {
			isa = PBXGroup;
			children = (
				7939DBCF27102A4B00E90E68 /* Agoraffmpeg.xcframework */,
				7939DBD327102A4B00E90E68 /* AgoraRtcCryptoLoader.xcframework */,
				7939DBD027102A4B00E90E68 /* AgoraRtcKit.xcframework */,
				7939DBD127102A4B00E90E68 /* AgoraRTE.xcframework */,
				7939DBD227102A4B00E90E68 /* AgoraVideoProcess.xcframework */,
			);
			name = Frameworks;
			sourceTree = "<group>";
		};
/* End PBXGroup section */

/* Begin PBXNativeTarget section */
		7939DBB52710271600E90E68 /* RteQuickstart */ = {
			isa = PBXNativeTarget;
			buildConfigurationList = 7939DBCA2710271800E90E68 /* Build configuration list for PBXNativeTarget "RteQuickstart" */;
			buildPhases = (
				7939DBB22710271600E90E68 /* Sources */,
				7939DBB32710271600E90E68 /* Frameworks */,
				7939DBB42710271600E90E68 /* Resources */,
				7939DBDE27102A4B00E90E68 /* Embed Frameworks */,
			);
			buildRules = (
			);
			dependencies = (
			);
			name = RteQuickstart;
			productName = RteQuickstart;
			productReference = 7939DBB62710271600E90E68 /* RteQuickstart.app */;
			productType = "com.apple.product-type.application";
		};
/* End PBXNativeTarget section */

/* Begin PBXProject section */
		7939DBAE2710271600E90E68 /* Project object */ = {
			isa = PBXProject;
			attributes = {
				LastSwiftUpdateCheck = 1160;
				LastUpgradeCheck = 1160;
				ORGANIZATIONNAME = macoscatalina;
				TargetAttributes = {
					7939DBB52710271600E90E68 = {
						CreatedOnToolsVersion = 11.6;
					};
				};
			};
			buildConfigurationList = 7939DBB12710271600E90E68 /* Build configuration list for PBXProject "RteQuickstart" */;
			compatibilityVersion = "Xcode 9.3";
			developmentRegion = en;
			hasScannedForEncodings = 0;
			knownRegions = (
				en,
				Base,
			);
			mainGroup = 7939DBAD2710271600E90E68;
			productRefGroup = 7939DBB72710271600E90E68 /* Products */;
			projectDirPath = "";
			projectRoot = "";
			targets = (
				7939DBB52710271600E90E68 /* RteQuickstart */,
			);
		};
/* End PBXProject section */

/* Begin PBXResourcesBuildPhase section */
		7939DBB42710271600E90E68 /* Resources */ = {
			isa = PBXResourcesBuildPhase;
			buildActionMask = 2147483647;
			files = (
				7939DBC62710271800E90E68 /* LaunchScreen.storyboard in Resources */,
				7939DBC32710271800E90E68 /* Assets.xcassets in Resources */,
				7939DBC12710271600E90E68 /* Main.storyboard in Resources */,
			);
			runOnlyForDeploymentPostprocessing = 0;
		};
/* End PBXResourcesBuildPhase section */

/* Begin PBXSourcesBuildPhase section */
		7939DBB22710271600E90E68 /* Sources */ = {
			isa = PBXSourcesBuildPhase;
			buildActionMask = 2147483647;
			files = (
				7939DBBE2710271600E90E68 /* ViewController.swift in Sources */,
				7939DBBA2710271600E90E68 /* AppDelegate.swift in Sources */,
				7939DBBC2710271600E90E68 /* SceneDelegate.swift in Sources */,
			);
			runOnlyForDeploymentPostprocessing = 0;
		};
/* End PBXSourcesBuildPhase section */

/* Begin PBXVariantGroup section */
		7939DBBF2710271600E90E68 /* Main.storyboard */ = {
			isa = PBXVariantGroup;
			children = (
				7939DBC02710271600E90E68 /* Base */,
			);
			name = Main.storyboard;
			sourceTree = "<group>";
		};
		7939DBC42710271800E90E68 /* LaunchScreen.storyboard */ = {
			isa = PBXVariantGroup;
			children = (
				7939DBC52710271800E90E68 /* Base */,
			);
			name = LaunchScreen.storyboard;
			sourceTree = "<group>";
		};
/* End PBXVariantGroup section */

/* Begin XCBuildConfiguration section */
		7939DBC82710271800E90E68 /* Debug */ = {
			isa = XCBuildConfiguration;
			buildSettings = {
				ALWAYS_SEARCH_USER_PATHS = NO;
				CLANG_ANALYZER_NONNULL = YES;
				CLANG_ANALYZER_NUMBER_OBJECT_CONVERSION = YES_AGGRESSIVE;
				CLANG_CXX_LANGUAGE_STANDARD = "gnu++14";
				CLANG_CXX_LIBRARY = "libc++";
				CLANG_ENABLE_MODULES = YES;
				CLANG_ENABLE_OBJC_ARC = YES;
				CLANG_ENABLE_OBJC_WEAK = YES;
				CLANG_WARN_BLOCK_CAPTURE_AUTORELEASING = YES;
				CLANG_WARN_BOOL_CONVERSION = YES;
				CLANG_WARN_COMMA = YES;
				CLANG_WARN_CONSTANT_CONVERSION = YES;
				CLANG_WARN_DEPRECATED_OBJC_IMPLEMENTATIONS = YES;
				CLANG_WARN_DIRECT_OBJC_ISA_USAGE = YES_ERROR;
				CLANG_WARN_DOCUMENTATION_COMMENTS = YES;
				CLANG_WARN_EMPTY_BODY = YES;
				CLANG_WARN_ENUM_CONVERSION = YES;
				CLANG_WARN_INFINITE_RECURSION = YES;
				CLANG_WARN_INT_CONVERSION = YES;
				CLANG_WARN_NON_LITERAL_NULL_CONVERSION = YES;
				CLANG_WARN_OBJC_IMPLICIT_RETAIN_SELF = YES;
				CLANG_WARN_OBJC_LITERAL_CONVERSION = YES;
				CLANG_WARN_OBJC_ROOT_CLASS = YES_ERROR;
				CLANG_WARN_RANGE_LOOP_ANALYSIS = YES;
				CLANG_WARN_STRICT_PROTOTYPES = YES;
				CLANG_WARN_SUSPICIOUS_MOVE = YES;
				CLANG_WARN_UNGUARDED_AVAILABILITY = YES_AGGRESSIVE;
				CLANG_WARN_UNREACHABLE_CODE = YES;
				CLANG_WARN__DUPLICATE_METHOD_MATCH = YES;
				COPY_PHASE_STRIP = NO;
				DEBUG_INFORMATION_FORMAT = dwarf;
				ENABLE_STRICT_OBJC_MSGSEND = YES;
				ENABLE_TESTABILITY = YES;
				GCC_C_LANGUAGE_STANDARD = gnu11;
				GCC_DYNAMIC_NO_PIC = NO;
				GCC_NO_COMMON_BLOCKS = YES;
				GCC_OPTIMIZATION_LEVEL = 0;
				GCC_PREPROCESSOR_DEFINITIONS = (
					"DEBUG=1",
					"$(inherited)",
				);
				GCC_WARN_64_TO_32_BIT_CONVERSION = YES;
				GCC_WARN_ABOUT_RETURN_TYPE = YES_ERROR;
				GCC_WARN_UNDECLARED_SELECTOR = YES;
				GCC_WARN_UNINITIALIZED_AUTOS = YES_AGGRESSIVE;
				GCC_WARN_UNUSED_FUNCTION = YES;
				GCC_WARN_UNUSED_VARIABLE = YES;
				IPHONEOS_DEPLOYMENT_TARGET = 13.6;
				MTL_ENABLE_DEBUG_INFO = INCLUDE_SOURCE;
				MTL_FAST_MATH = YES;
				ONLY_ACTIVE_ARCH = YES;
				SDKROOT = iphoneos;
				SWIFT_ACTIVE_COMPILATION_CONDITIONS = DEBUG;
				SWIFT_OPTIMIZATION_LEVEL = "-Onone";
			};
			name = Debug;
		};
		7939DBC92710271800E90E68 /* Release */ = {
			isa = XCBuildConfiguration;
			buildSettings = {
				ALWAYS_SEARCH_USER_PATHS = NO;
				CLANG_ANALYZER_NONNULL = YES;
				CLANG_ANALYZER_NUMBER_OBJECT_CONVERSION = YES_AGGRESSIVE;
				CLANG_CXX_LANGUAGE_STANDARD = "gnu++14";
				CLANG_CXX_LIBRARY = "libc++";
				CLANG_ENABLE_MODULES = YES;
				CLANG_ENABLE_OBJC_ARC = YES;
				CLANG_ENABLE_OBJC_WEAK = YES;
				CLANG_WARN_BLOCK_CAPTURE_AUTORELEASING = YES;
				CLANG_WARN_BOOL_CONVERSION = YES;
				CLANG_WARN_COMMA = YES;
				CLANG_WARN_CONSTANT_CONVERSION = YES;
				CLANG_WARN_DEPRECATED_OBJC_IMPLEMENTATIONS = YES;
				CLANG_WARN_DIRECT_OBJC_ISA_USAGE = YES_ERROR;
				CLANG_WARN_DOCUMENTATION_COMMENTS = YES;
				CLANG_WARN_EMPTY_BODY = YES;
				CLANG_WARN_ENUM_CONVERSION = YES;
				CLANG_WARN_INFINITE_RECURSION = YES;
				CLANG_WARN_INT_CONVERSION = YES;
				CLANG_WARN_NON_LITERAL_NULL_CONVERSION = YES;
				CLANG_WARN_OBJC_IMPLICIT_RETAIN_SELF = YES;
				CLANG_WARN_OBJC_LITERAL_CONVERSION = YES;
				CLANG_WARN_OBJC_ROOT_CLASS = YES_ERROR;
				CLANG_WARN_RANGE_LOOP_ANALYSIS = YES;
				CLANG_WARN_STRICT_PROTOTYPES = YES;
				CLANG_WARN_SUSPICIOUS_MOVE = YES;
				CLANG_WARN_UNGUARDED_AVAILABILITY = YES_AGGRESSIVE;
				CLANG_WARN_UNREACHABLE_CODE = YES;
				CLANG_WARN__DUPLICATE_METHOD_MATCH = YES;
				COPY_PHASE_STRIP = NO;
				DEBUG_INFORMATION_FORMAT = "dwarf-with-dsym";
				ENABLE_NS_ASSERTIONS = NO;
				ENABLE_STRICT_OBJC_MSGSEND = YES;
				GCC_C_LANGUAGE_STANDARD = gnu11;
				GCC_NO_COMMON_BLOCKS = YES;
				GCC_WARN_64_TO_32_BIT_CONVERSION = YES;
				GCC_WARN_ABOUT_RETURN_TYPE = YES_ERROR;
				GCC_WARN_UNDECLARED_SELECTOR = YES;
				GCC_WARN_UNINITIALIZED_AUTOS = YES_AGGRESSIVE;
				GCC_WARN_UNUSED_FUNCTION = YES;
				GCC_WARN_UNUSED_VARIABLE = YES;
				IPHONEOS_DEPLOYMENT_TARGET = 13.6;
				MTL_ENABLE_DEBUG_INFO = NO;
				MTL_FAST_MATH = YES;
				SDKROOT = iphoneos;
				SWIFT_COMPILATION_MODE = wholemodule;
				SWIFT_OPTIMIZATION_LEVEL = "-O";
				VALIDATE_PRODUCT = YES;
			};
			name = Release;
		};
		7939DBCB2710271800E90E68 /* Debug */ = {
			isa = XCBuildConfiguration;
			buildSettings = {
				ASSETCATALOG_COMPILER_APPICON_NAME = AppIcon;
				CODE_SIGN_STYLE = Automatic;
				INFOPLIST_FILE = RteQuickstart/Info.plist;
				LD_RUNPATH_SEARCH_PATHS = (
					"$(inherited)",
					"@executable_path/Frameworks",
				);
				PRODUCT_BUNDLE_IDENTIFIER = io.agora.RteQuickstart;
				PRODUCT_NAME = "$(TARGET_NAME)";
				SWIFT_VERSION = 5.0;
				TARGETED_DEVICE_FAMILY = "1,2";
			};
			name = Debug;
		};
		7939DBCC2710271800E90E68 /* Release */ = {
			isa = XCBuildConfiguration;
			buildSettings = {
				ASSETCATALOG_COMPILER_APPICON_NAME = AppIcon;
				CODE_SIGN_STYLE = Automatic;
				INFOPLIST_FILE = RteQuickstart/Info.plist;
				LD_RUNPATH_SEARCH_PATHS = (
					"$(inherited)",
					"@executable_path/Frameworks",
				);
				PRODUCT_BUNDLE_IDENTIFIER = io.agora.RteQuickstart;
				PRODUCT_NAME = "$(TARGET_NAME)";
				SWIFT_VERSION = 5.0;
				TARGETED_DEVICE_FAMILY = "1,2";
			};
			name = Release;
		};
/* End XCBuildConfiguration section */

/* Begin XCConfigurationList section */
		7939DBB12710271600E90E68 /* Build configuration list for PBXProject "RteQuickstart" */ = {
			isa = XCConfigurationList;
			buildConfigurations = (
				7939DBC82710271800E90E68 /* Debug */,
				7939DBC92710271800E90E68 /* Release */,
			);
			defaultConfigurationIsVisible = 0;
			defaultConfigurationName = Release;
		};
		7939DBCA2710271800E90E68 /* Build configuration list for PBXNativeTarget "RteQuickstart" */ = {
			isa = XCConfigurationList;
			buildConfigurations = (
				7939DBCB2710271800E90E68 /* Debug */,
				7939DBCC2710271800E90E68 /* Release */,
			);
			defaultConfigurationIsVisible = 0;
			defaultConfigurationName = Release;
		};
/* End XCConfigurationList section */
	};
	rootObject = 7939DBAE2710271600E90E68 /* Project object */;
}
